github.com/BurntSushi/toml v0.3.1 h1:WXkYYl6Yr3qBf1K79EBnL4mak0OimBfB0XUf9Vl28OQ=
github.com/BurntSushi/toml v0.3.1/go.mod h1:xHWCNGjB5oqiDr8zfno3MHue2Ht5sIBksp03qcyfWMU=
github.com/boltdb/bolt v1.3.1 h1:JQmyP4ZBrce+ZQu0dY660FMfatumYDLun9hBCUVIkF4=
github.com/boltdb/bolt v1.3.1/go.mod h1:clJnj/oiGkjum5o1McbSZDSLxVThjynRyGBgiAx27Ps=
github.com/mpdroog/beanstalkd v0.0.0-20151231090228-bf387addf002 h1:QNXRrUAScGch2v2koxvFMpobq88V7cEGvbLfHX8D+Ak=
github.com/mpdroog/beanstalkd v0.0.0-20151231090228-bf387addf002/go.mod h1:Qnm/zq76O/pqutkxyyE4WGu30l4S/6iPUnESIDLNFFQ=
golang.org/x/sys v0.0.0-20201014080544-cc95f250f6bc h1:HVFDs9bKvTxP6bh1Rj9MCSo+UmafQtI8ZWDPVwVk9g4=
golang.org/x/sys v0.0.0-20201014080544-cc95f250f6bc/go.mod h1:h1NjWce9XRLGQEsW7wpKNCjG9DtNlClVuFLEZdDNbEs=
