github.com/BurntSushi/toml v0.3.1 h1:WXkYYl6Yr3qBf1K79EBnL4mak0OimBfB0XUf9Vl28OQ=
github.com/BurntSushi/toml v0.3.1/go.mod h1:xHWCNGjB5oqiDr8zfno3MHue2Ht5sIBksp03qcyfWMU=
github.com/boltdb/bolt v1.3.1 h1:JQmyP4ZBrce+ZQu0dY660FMfatumYDLun9hBCUVIkF4=
github.com/boltdb/bolt v1.3.1/go.mod h1:clJnj/oiGkjum5o1McbSZDSLxVThjynRyGBgiAx27Ps=
github.com/mpdroog/beanstalkd v0.0.0-20151231090228-bf387addf002 h1:QNXRrUAScGch2v2koxvFMpobq88V7cEGvbLfHX8D+Ak=
github.com/mpdroog/beanstalkd v0.0.0-20151231090228-bf387addf002/go.mod h1:Qnm/zq76O/pqutkxyyE4WGu30l4S/6iPUnESIDLNFFQ=
github.com/robertkrimen/otto v0.0.0-20200922221731-ef014fd054ac h1:kYPjbEN6YPYWWHI6ky1J813KzIq/8+Wg4TO4xU7A/KU=
github.com/robertkrimen/otto v0.0.0-20200922221731-ef014fd054ac/go.mod h1:xvqspoSXJTIpemEonrMDFq6XzwHYYgToXWj5eRX1OtY=
golang.org/x/sys v0.1.0 h1:kunALQeHf1/185U1i0GOB/fy1IPRDDpuoOOqRReG57U=
golang.org/x/sys v0.1.0/go.mod h1:oPkhp1MJrh7nUepCBck5+mAzfO9JrbApNNgaTdGDITg=
gopkg.in/sourcemap.v1 v1.0.5 h1:inv58fC9f9J3TK2Y2R1NPntXEn3/wjWHkonhIUODNTI=
gopkg.in/sourcemap.v1 v1.0.5/go.mod h1:2RlvNNSMglmRrcvhfuzp4hQHwOtjxlbjX7UPY/GXb78=
